
Microsoft Visual Studio Solution File, Format Version 12.00
# Visual Studio Version 17
VisualStudioVersion = 17.11.35208.52
MinimumVisualStudioVersion = 10.0.40219.1
Project("{FAE04EC0-301F-11D3-BF4B-00C04F79EFBC}") = "OrderManagementSystem", "OrderManagementSystem\OrderManagementSystem.csproj", "{BF847075-6010-4C13-B2BD-958A7D50A324}"
EndProject
Global
	GlobalSection(SolutionConfigurationPlatforms) = preSolution
		Debug|Any CPU = Debug|Any CPU
		Release|Any CPU = Release|Any CPU
	EndGlobalSection
	GlobalSection(ProjectConfigurationPlatforms) = postSolution
		{BF847075-6010-4C13-B2BD-958A7D50A324}.Debug|Any CPU.ActiveCfg = Debug|Any CPU
		{BF847075-6010-4C13-B2BD-958A7D50A324}.Debug|Any CPU.Build.0 = Debug|Any CPU
		{BF847075-6010-4C13-B2BD-958A7D50A324}.Release|Any CPU.ActiveCfg = Release|Any CPU
		{BF847075-6010-4C13-B2BD-958A7D50A324}.Release|Any CPU.Build.0 = Release|Any CPU
	EndGlobalSection
	GlobalSection(SolutionProperties) = preSolution
		HideSolutionNode = FALSE
	EndGlobalSection
	GlobalSection(ExtensibilityGlobals) = postSolution
		SolutionGuid = {86518029-E10A-4C80-A199-EF62312E5B9F}
	EndGlobalSection
EndGlobal
